Microsoft Visual Studio Solution File, Format Version 12.00
# Visual Studio 15
VisualStudioVersion = 15.0.27130.2010
MinimumVisualStudioVersion = 10.0.40219.1
Project("{9A19103F-16F7-4668-BE54-9A1E7A4F7556}") = "ClientSync", "ClientSync\ClientSync.csproj", "{1E2585DA-05E6-41E7-A42A-1E29AC23C361}"
EndProject
Project("{9A19103F-16F7-4668-BE54-9A1E7A4F7556}") = "Sender", "Sender\Sender.csproj", "{EC77050C-9927-418E-8821-A331EB2C3AB4}"
EndProject
Project("{FAE04EC0-301F-11D3-BF4B-00C04F79EFBC}") = "ClientAsync", "ClientAsync\ClientAsync.csproj", "{553423A2-8DCC-4A3A-9243-3531DE62BA1B}"
EndProject
Global
	GlobalSection(SolutionConfigurationPlatforms) = preSolution
		Debug|Any CPU = Debug|Any CPU
		Release|Any CPU = Release|Any CPU
	EndGlobalSection
	GlobalSection(ProjectConfigurationPlatforms) = postSolution
		{1E2585DA-05E6-41E7-A42A-1E29AC23C361}.Debug|Any CPU.ActiveCfg = Debug|Any CPU
		{1E2585DA-05E6-41E7-A42A-1E29AC23C361}.Debug|Any CPU.Build.0 = Debug|Any CPU
		{1E2585DA-05E6-41E7-A42A-1E29AC23C361}.Release|Any CPU.ActiveCfg = Release|Any CPU
		{1E2585DA-05E6-41E7-A42A-1E29AC23C361}.Release|Any CPU.Build.0 = Release|Any CPU
		{EC77050C-9927-418E-8821-A331EB2C3AB4}.Debug|Any CPU.ActiveCfg = Debug|Any CPU
		{EC77050C-9927-418E-8821-A331EB2C3AB4}.Debug|Any CPU.Build.0 = Debug|Any CPU
		{EC77050C-9927-418E-8821-A331EB2C3AB4}.Release|Any CPU.ActiveCfg = Release|Any CPU
		{EC77050C-9927-418E-8821-A331EB2C3AB4}.Release|Any CPU.Build.0 = Release|Any CPU
		{553423A2-8DCC-4A3A-9243-3531DE62BA1B}.Debug|Any CPU.ActiveCfg = Debug|Any CPU
		{553423A2-8DCC-4A3A-9243-3531DE62BA1B}.Debug|Any CPU.Build.0 = Debug|Any CPU
		{553423A2-8DCC-4A3A-9243-3531DE62BA1B}.Release|Any CPU.ActiveCfg = Release|Any CPU
		{553423A2-8DCC-4A3A-9243-3531DE62BA1B}.Release|Any CPU.Build.0 = Release|Any CPU
	EndGlobalSection
	GlobalSection(SolutionProperties) = preSolution
		HideSolutionNode = FALSE
	EndGlobalSection
	GlobalSection(ExtensibilityGlobals) = postSolution
		SolutionGuid = {8105B3E9-AE5C-486A-A3CF-85E57C5F7CDA}
	EndGlobalSection
EndGlobal
